
Microsoft Visual Studio Solution File, Format Version 12.00
# Visual Studio Version 17
VisualStudioVersion = 17.7.34031.279
MinimumVisualStudioVersion = 10.0.40219.1
Project("{8BC9CEB8-8B4A-11D0-8D11-00A0C91BC942}") = "sound", "sound.vcxproj", "{8CFEAA8B-16E2-4386-A0CD-A2BE61B54840}"
EndProject
Global
	GlobalSection(SolutionConfigurationPlatforms) = preSolution
		Debug|ARM = Debug|ARM
		Debug|ARM64 = Debug|ARM64
		Debug|x64 = Debug|x64
		Debug|x86 = Debug|x86
		Release|ARM = Release|ARM
		Release|ARM64 = Release|ARM64
		Release|x64 = Release|x64
		Release|x86 = Release|x86
	EndGlobalSection
	GlobalSection(ProjectConfigurationPlatforms) = postSolution
		{8CFEAA8B-16E2-4386-A0CD-A2BE61B54840}.Debug|ARM.ActiveCfg = Debug|ARM
		{8CFEAA8B-16E2-4386-A0CD-A2BE61B54840}.Debug|ARM.Build.0 = Debug|ARM
		{8CFEAA8B-16E2-4386-A0CD-A2BE61B54840}.Debug|ARM.Deploy.0 = Debug|ARM
		{8CFEAA8B-16E2-4386-A0CD-A2BE61B54840}.Debug|ARM64.ActiveCfg = Debug|ARM64
		{8CFEAA8B-16E2-4386-A0CD-A2BE61B54840}.Debug|ARM64.Build.0 = Debug|ARM64
		{8CFEAA8B-16E2-4386-A0CD-A2BE61B54840}.Debug|ARM64.Deploy.0 = Debug|ARM64
		{8CFEAA8B-16E2-4386-A0CD-A2BE61B54840}.Debug|x64.ActiveCfg = Debug|x64
		{8CFEAA8B-16E2-4386-A0CD-A2BE61B54840}.Debug|x64.Build.0 = Debug|x64
		{8CFEAA8B-16E2-4386-A0CD-A2BE61B54840}.Debug|x64.Deploy.0 = Debug|x64
		{8CFEAA8B-16E2-4386-A0CD-A2BE61B54840}.Debug|x86.ActiveCfg = Debug|x86
		{8CFEAA8B-16E2-4386-A0CD-A2BE61B54840}.Debug|x86.Build.0 = Debug|x86
		{8CFEAA8B-16E2-4386-A0CD-A2BE61B54840}.Debug|x86.Deploy.0 = Debug|x86
		{8CFEAA8B-16E2-4386-A0CD-A2BE61B54840}.Release|ARM.ActiveCfg = Release|ARM
		{8CFEAA8B-16E2-4386-A0CD-A2BE61B54840}.Release|ARM.Build.0 = Release|ARM
		{8CFEAA8B-16E2-4386-A0CD-A2BE61B54840}.Release|ARM.Deploy.0 = Release|ARM
		{8CFEAA8B-16E2-4386-A0CD-A2BE61B54840}.Release|ARM64.ActiveCfg = Release|ARM64
		{8CFEAA8B-16E2-4386-A0CD-A2BE61B54840}.Release|ARM64.Build.0 = Release|ARM64
		{8CFEAA8B-16E2-4386-A0CD-A2BE61B54840}.Release|ARM64.Deploy.0 = Release|ARM64
		{8CFEAA8B-16E2-4386-A0CD-A2BE61B54840}.Release|x64.ActiveCfg = Release|x64
		{8CFEAA8B-16E2-4386-A0CD-A2BE61B54840}.Release|x64.Build.0 = Release|x64
		{8CFEAA8B-16E2-4386-A0CD-A2BE61B54840}.Release|x64.Deploy.0 = Release|x64
		{8CFEAA8B-16E2-4386-A0CD-A2BE61B54840}.Release|x86.ActiveCfg = Release|x86
		{8CFEAA8B-16E2-4386-A0CD-A2BE61B54840}.Release|x86.Build.0 = Release|x86
		{8CFEAA8B-16E2-4386-A0CD-A2BE61B54840}.Release|x86.Deploy.0 = Release|x86
	EndGlobalSection
	GlobalSection(SolutionProperties) = preSolution
		HideSolutionNode = FALSE
	EndGlobalSection
	GlobalSection(ExtensibilityGlobals) = postSolution
		SolutionGuid = {E487B246-BCFF-4560-867F-8A7B293E51FD}
	EndGlobalSection
EndGlobal
