
Microsoft Visual Studio Solution File, Format Version 12.00
# Visual Studio Version 17
VisualStudioVersion = 17.7.34031.279
MinimumVisualStudioVersion = 10.0.40219.1
Project("{8BC9CEB8-8B4A-11D0-8D11-00A0C91BC942}") = "CreativeRobotix", "CreativeRobotix\CreativeRobotix.vcxitems", "{B83B795C-C6F9-4F3E-9B9E-4A760E372420}"
EndProject
Project("{8BC9CEB8-8B4A-11D0-8D11-00A0C91BC942}") = "demo", "CreativeRobotix\examples\demo\demo.vcxproj", "{4C61D9CA-F088-41AB-829F-BE0CA4BBF9A8}"
EndProject
Project("{8BC9CEB8-8B4A-11D0-8D11-00A0C91BC942}") = "sound", "CreativeRobotix\examples\sound\sound.vcxproj", "{8CFEAA8B-16E2-4386-A0CD-A2BE61B54840}"
EndProject
Project("{8BC9CEB8-8B4A-11D0-8D11-00A0C91BC942}") = "line detection", "CreativeRobotix\examples\line detection\line detection.vcxproj", "{30EDB28D-04E0-47E3-8AC4-3832CD97ED6D}"
EndProject
Project("{8BC9CEB8-8B4A-11D0-8D11-00A0C91BC942}") = "ultrasound", "CreativeRobotix\examples\ultrasound\ultrasound.vcxproj", "{3DBA28F5-960C-4091-AE7E-B6DC7FCB597C}"
EndProject
Project("{8BC9CEB8-8B4A-11D0-8D11-00A0C91BC942}") = "rock paper scissors", "CreativeRobotix\examples\rock paper scissors\rock paper scissors.vcxproj", "{258D29D3-E0F2-4502-89CB-3BC402665787}"
EndProject
Project("{8BC9CEB8-8B4A-11D0-8D11-00A0C91BC942}") = "randoms", "CreativeRobotix\examples\randoms\randoms.vcxproj", "{ECCA07F5-99FE-4BE9-AA31-90EDB9C74225}"
EndProject
Project("{8BC9CEB8-8B4A-11D0-8D11-00A0C91BC942}") = "bat and ball", "CreativeRobotix\examples\bat and ball\bat and ball.vcxproj", "{C2ED58BB-B0F0-4991-ABB7-410094C544C4}"
EndProject
Project("{8BC9CEB8-8B4A-11D0-8D11-00A0C91BC942}") = "line follow", "CreativeRobotix\examples\line follow\line follow.vcxproj", "{EAA60CCE-CD14-453C-A4FD-88152E37DA29}"
EndProject
Project("{8BC9CEB8-8B4A-11D0-8D11-00A0C91BC942}") = "line follow 2", "CreativeRobotix\examples\line follow 2\line follow 2.vcxproj", "{3B44CB2C-63EA-4F32-B64C-30C1B2664184}"
EndProject
Project("{8BC9CEB8-8B4A-11D0-8D11-00A0C91BC942}") = "Bluetooth Configure", "CreativeRobotix\examples\Bluetooth Configure\Bluetooth Configure.vcxproj", "{93DE3245-9012-454B-B7DA-9760CDB6BB05}"
EndProject
Global
	GlobalSection(SolutionConfigurationPlatforms) = preSolution
		Debug|ARM = Debug|ARM
		Debug|ARM64 = Debug|ARM64
		Debug|x64 = Debug|x64
		Debug|x86 = Debug|x86
		Release|ARM = Release|ARM
		Release|ARM64 = Release|ARM64
		Release|x64 = Release|x64
		Release|x86 = Release|x86
	EndGlobalSection
	GlobalSection(ProjectConfigurationPlatforms) = postSolution
		{4C61D9CA-F088-41AB-829F-BE0CA4BBF9A8}.Debug|ARM.ActiveCfg = Debug|ARM
		{4C61D9CA-F088-41AB-829F-BE0CA4BBF9A8}.Debug|ARM.Build.0 = Debug|ARM
		{4C61D9CA-F088-41AB-829F-BE0CA4BBF9A8}.Debug|ARM.Deploy.0 = Debug|ARM
		{4C61D9CA-F088-41AB-829F-BE0CA4BBF9A8}.Debug|ARM64.ActiveCfg = Debug|ARM64
		{4C61D9CA-F088-41AB-829F-BE0CA4BBF9A8}.Debug|ARM64.Build.0 = Debug|ARM64
		{4C61D9CA-F088-41AB-829F-BE0CA4BBF9A8}.Debug|ARM64.Deploy.0 = Debug|ARM64
		{4C61D9CA-F088-41AB-829F-BE0CA4BBF9A8}.Debug|x64.ActiveCfg = Debug|x64
		{4C61D9CA-F088-41AB-829F-BE0CA4BBF9A8}.Debug|x64.Build.0 = Debug|x64
		{4C61D9CA-F088-41AB-829F-BE0CA4BBF9A8}.Debug|x64.Deploy.0 = Debug|x64
		{4C61D9CA-F088-41AB-829F-BE0CA4BBF9A8}.Debug|x86.ActiveCfg = Debug|x86
		{4C61D9CA-F088-41AB-829F-BE0CA4BBF9A8}.Debug|x86.Build.0 = Debug|x86
		{4C61D9CA-F088-41AB-829F-BE0CA4BBF9A8}.Debug|x86.Deploy.0 = Debug|x86
		{4C61D9CA-F088-41AB-829F-BE0CA4BBF9A8}.Release|ARM.ActiveCfg = Release|ARM
		{4C61D9CA-F088-41AB-829F-BE0CA4BBF9A8}.Release|ARM.Build.0 = Release|ARM
		{4C61D9CA-F088-41AB-829F-BE0CA4BBF9A8}.Release|ARM.Deploy.0 = Release|ARM
		{4C61D9CA-F088-41AB-829F-BE0CA4BBF9A8}.Release|ARM64.ActiveCfg = Release|ARM64
		{4C61D9CA-F088-41AB-829F-BE0CA4BBF9A8}.Release|ARM64.Build.0 = Release|ARM64
		{4C61D9CA-F088-41AB-829F-BE0CA4BBF9A8}.Release|ARM64.Deploy.0 = Release|ARM64
		{4C61D9CA-F088-41AB-829F-BE0CA4BBF9A8}.Release|x64.ActiveCfg = Release|x64
		{4C61D9CA-F088-41AB-829F-BE0CA4BBF9A8}.Release|x64.Build.0 = Release|x64
		{4C61D9CA-F088-41AB-829F-BE0CA4BBF9A8}.Release|x64.Deploy.0 = Release|x64
		{4C61D9CA-F088-41AB-829F-BE0CA4BBF9A8}.Release|x86.ActiveCfg = Release|x86
		{4C61D9CA-F088-41AB-829F-BE0CA4BBF9A8}.Release|x86.Build.0 = Release|x86
		{4C61D9CA-F088-41AB-829F-BE0CA4BBF9A8}.Release|x86.Deploy.0 = Release|x86
		{8CFEAA8B-16E2-4386-A0CD-A2BE61B54840}.Debug|ARM.ActiveCfg = Debug|ARM
		{8CFEAA8B-16E2-4386-A0CD-A2BE61B54840}.Debug|ARM.Build.0 = Debug|ARM
		{8CFEAA8B-16E2-4386-A0CD-A2BE61B54840}.Debug|ARM.Deploy.0 = Debug|ARM
		{8CFEAA8B-16E2-4386-A0CD-A2BE61B54840}.Debug|ARM64.ActiveCfg = Debug|ARM64
		{8CFEAA8B-16E2-4386-A0CD-A2BE61B54840}.Debug|ARM64.Build.0 = Debug|ARM64
		{8CFEAA8B-16E2-4386-A0CD-A2BE61B54840}.Debug|ARM64.Deploy.0 = Debug|ARM64
		{8CFEAA8B-16E2-4386-A0CD-A2BE61B54840}.Debug|x64.ActiveCfg = Debug|x64
		{8CFEAA8B-16E2-4386-A0CD-A2BE61B54840}.Debug|x64.Build.0 = Debug|x64
		{8CFEAA8B-16E2-4386-A0CD-A2BE61B54840}.Debug|x64.Deploy.0 = Debug|x64
		{8CFEAA8B-16E2-4386-A0CD-A2BE61B54840}.Debug|x86.ActiveCfg = Debug|x86
		{8CFEAA8B-16E2-4386-A0CD-A2BE61B54840}.Debug|x86.Build.0 = Debug|x86
		{8CFEAA8B-16E2-4386-A0CD-A2BE61B54840}.Debug|x86.Deploy.0 = Debug|x86
		{8CFEAA8B-16E2-4386-A0CD-A2BE61B54840}.Release|ARM.ActiveCfg = Release|ARM
		{8CFEAA8B-16E2-4386-A0CD-A2BE61B54840}.Release|ARM.Build.0 = Release|ARM
		{8CFEAA8B-16E2-4386-A0CD-A2BE61B54840}.Release|ARM.Deploy.0 = Release|ARM
		{8CFEAA8B-16E2-4386-A0CD-A2BE61B54840}.Release|ARM64.ActiveCfg = Release|ARM64
		{8CFEAA8B-16E2-4386-A0CD-A2BE61B54840}.Release|ARM64.Build.0 = Release|ARM64
		{8CFEAA8B-16E2-4386-A0CD-A2BE61B54840}.Release|ARM64.Deploy.0 = Release|ARM64
		{8CFEAA8B-16E2-4386-A0CD-A2BE61B54840}.Release|x64.ActiveCfg = Release|x64
		{8CFEAA8B-16E2-4386-A0CD-A2BE61B54840}.Release|x64.Build.0 = Release|x64
		{8CFEAA8B-16E2-4386-A0CD-A2BE61B54840}.Release|x64.Deploy.0 = Release|x64
		{8CFEAA8B-16E2-4386-A0CD-A2BE61B54840}.Release|x86.ActiveCfg = Release|x86
		{8CFEAA8B-16E2-4386-A0CD-A2BE61B54840}.Release|x86.Build.0 = Release|x86
		{8CFEAA8B-16E2-4386-A0CD-A2BE61B54840}.Release|x86.Deploy.0 = Release|x86
		{30EDB28D-04E0-47E3-8AC4-3832CD97ED6D}.Debug|ARM.ActiveCfg = Debug|ARM
		{30EDB28D-04E0-47E3-8AC4-3832CD97ED6D}.Debug|ARM.Build.0 = Debug|ARM
		{30EDB28D-04E0-47E3-8AC4-3832CD97ED6D}.Debug|ARM.Deploy.0 = Debug|ARM
		{30EDB28D-04E0-47E3-8AC4-3832CD97ED6D}.Debug|ARM64.ActiveCfg = Debug|ARM64
		{30EDB28D-04E0-47E3-8AC4-3832CD97ED6D}.Debug|ARM64.Build.0 = Debug|ARM64
		{30EDB28D-04E0-47E3-8AC4-3832CD97ED6D}.Debug|ARM64.Deploy.0 = Debug|ARM64
		{30EDB28D-04E0-47E3-8AC4-3832CD97ED6D}.Debug|x64.ActiveCfg = Debug|x64
		{30EDB28D-04E0-47E3-8AC4-3832CD97ED6D}.Debug|x64.Build.0 = Debug|x64
		{30EDB28D-04E0-47E3-8AC4-3832CD97ED6D}.Debug|x64.Deploy.0 = Debug|x64
		{30EDB28D-04E0-47E3-8AC4-3832CD97ED6D}.Debug|x86.ActiveCfg = Debug|x86
		{30EDB28D-04E0-47E3-8AC4-3832CD97ED6D}.Debug|x86.Build.0 = Debug|x86
		{30EDB28D-04E0-47E3-8AC4-3832CD97ED6D}.Debug|x86.Deploy.0 = Debug|x86
		{30EDB28D-04E0-47E3-8AC4-3832CD97ED6D}.Release|ARM.ActiveCfg = Release|ARM
		{30EDB28D-04E0-47E3-8AC4-3832CD97ED6D}.Release|ARM.Build.0 = Release|ARM
		{30EDB28D-04E0-47E3-8AC4-3832CD97ED6D}.Release|ARM.Deploy.0 = Release|ARM
		{30EDB28D-04E0-47E3-8AC4-3832CD97ED6D}.Release|ARM64.ActiveCfg = Release|ARM64
		{30EDB28D-04E0-47E3-8AC4-3832CD97ED6D}.Release|ARM64.Build.0 = Release|ARM64
		{30EDB28D-04E0-47E3-8AC4-3832CD97ED6D}.Release|ARM64.Deploy.0 = Release|ARM64
		{30EDB28D-04E0-47E3-8AC4-3832CD97ED6D}.Release|x64.ActiveCfg = Release|x64
		{30EDB28D-04E0-47E3-8AC4-3832CD97ED6D}.Release|x64.Build.0 = Release|x64
		{30EDB28D-04E0-47E3-8AC4-3832CD97ED6D}.Release|x64.Deploy.0 = Release|x64
		{30EDB28D-04E0-47E3-8AC4-3832CD97ED6D}.Release|x86.ActiveCfg = Release|x86
		{30EDB28D-04E0-47E3-8AC4-3832CD97ED6D}.Release|x86.Build.0 = Release|x86
		{30EDB28D-04E0-47E3-8AC4-3832CD97ED6D}.Release|x86.Deploy.0 = Release|x86
		{3DBA28F5-960C-4091-AE7E-B6DC7FCB597C}.Debug|ARM.ActiveCfg = Debug|ARM
		{3DBA28F5-960C-4091-AE7E-B6DC7FCB597C}.Debug|ARM.Build.0 = Debug|ARM
		{3DBA28F5-960C-4091-AE7E-B6DC7FCB597C}.Debug|ARM.Deploy.0 = Debug|ARM
		{3DBA28F5-960C-4091-AE7E-B6DC7FCB597C}.Debug|ARM64.ActiveCfg = Debug|ARM64
		{3DBA28F5-960C-4091-AE7E-B6DC7FCB597C}.Debug|ARM64.Build.0 = Debug|ARM64
		{3DBA28F5-960C-4091-AE7E-B6DC7FCB597C}.Debug|ARM64.Deploy.0 = Debug|ARM64
		{3DBA28F5-960C-4091-AE7E-B6DC7FCB597C}.Debug|x64.ActiveCfg = Debug|x64
		{3DBA28F5-960C-4091-AE7E-B6DC7FCB597C}.Debug|x64.Build.0 = Debug|x64
		{3DBA28F5-960C-4091-AE7E-B6DC7FCB597C}.Debug|x64.Deploy.0 = Debug|x64
		{3DBA28F5-960C-4091-AE7E-B6DC7FCB597C}.Debug|x86.ActiveCfg = Debug|x86
		{3DBA28F5-960C-4091-AE7E-B6DC7FCB597C}.Debug|x86.Build.0 = Debug|x86
		{3DBA28F5-960C-4091-AE7E-B6DC7FCB597C}.Debug|x86.Deploy.0 = Debug|x86
		{3DBA28F5-960C-4091-AE7E-B6DC7FCB597C}.Release|ARM.ActiveCfg = Release|ARM
		{3DBA28F5-960C-4091-AE7E-B6DC7FCB597C}.Release|ARM.Build.0 = Release|ARM
		{3DBA28F5-960C-4091-AE7E-B6DC7FCB597C}.Release|ARM.Deploy.0 = Release|ARM
		{3DBA28F5-960C-4091-AE7E-B6DC7FCB597C}.Release|ARM64.ActiveCfg = Release|ARM64
		{3DBA28F5-960C-4091-AE7E-B6DC7FCB597C}.Release|ARM64.Build.0 = Release|ARM64
		{3DBA28F5-960C-4091-AE7E-B6DC7FCB597C}.Release|ARM64.Deploy.0 = Release|ARM64
		{3DBA28F5-960C-4091-AE7E-B6DC7FCB597C}.Release|x64.ActiveCfg = Release|x64
		{3DBA28F5-960C-4091-AE7E-B6DC7FCB597C}.Release|x64.Build.0 = Release|x64
		{3DBA28F5-960C-4091-AE7E-B6DC7FCB597C}.Release|x64.Deploy.0 = Release|x64
		{3DBA28F5-960C-4091-AE7E-B6DC7FCB597C}.Release|x86.ActiveCfg = Release|x86
		{3DBA28F5-960C-4091-AE7E-B6DC7FCB597C}.Release|x86.Build.0 = Release|x86
		{3DBA28F5-960C-4091-AE7E-B6DC7FCB597C}.Release|x86.Deploy.0 = Release|x86
		{258D29D3-E0F2-4502-89CB-3BC402665787}.Debug|ARM.ActiveCfg = Debug|ARM
		{258D29D3-E0F2-4502-89CB-3BC402665787}.Debug|ARM.Build.0 = Debug|ARM
		{258D29D3-E0F2-4502-89CB-3BC402665787}.Debug|ARM.Deploy.0 = Debug|ARM
		{258D29D3-E0F2-4502-89CB-3BC402665787}.Debug|ARM64.ActiveCfg = Debug|ARM64
		{258D29D3-E0F2-4502-89CB-3BC402665787}.Debug|ARM64.Build.0 = Debug|ARM64
		{258D29D3-E0F2-4502-89CB-3BC402665787}.Debug|ARM64.Deploy.0 = Debug|ARM64
		{258D29D3-E0F2-4502-89CB-3BC402665787}.Debug|x64.ActiveCfg = Debug|x64
		{258D29D3-E0F2-4502-89CB-3BC402665787}.Debug|x64.Build.0 = Debug|x64
		{258D29D3-E0F2-4502-89CB-3BC402665787}.Debug|x64.Deploy.0 = Debug|x64
		{258D29D3-E0F2-4502-89CB-3BC402665787}.Debug|x86.ActiveCfg = Debug|x86
		{258D29D3-E0F2-4502-89CB-3BC402665787}.Debug|x86.Build.0 = Debug|x86
		{258D29D3-E0F2-4502-89CB-3BC402665787}.Debug|x86.Deploy.0 = Debug|x86
		{258D29D3-E0F2-4502-89CB-3BC402665787}.Release|ARM.ActiveCfg = Release|ARM
		{258D29D3-E0F2-4502-89CB-3BC402665787}.Release|ARM.Build.0 = Release|ARM
		{258D29D3-E0F2-4502-89CB-3BC402665787}.Release|ARM.Deploy.0 = Release|ARM
		{258D29D3-E0F2-4502-89CB-3BC402665787}.Release|ARM64.ActiveCfg = Release|ARM64
		{258D29D3-E0F2-4502-89CB-3BC402665787}.Release|ARM64.Build.0 = Release|ARM64
		{258D29D3-E0F2-4502-89CB-3BC402665787}.Release|ARM64.Deploy.0 = Release|ARM64
		{258D29D3-E0F2-4502-89CB-3BC402665787}.Release|x64.ActiveCfg = Release|x64
		{258D29D3-E0F2-4502-89CB-3BC402665787}.Release|x64.Build.0 = Release|x64
		{258D29D3-E0F2-4502-89CB-3BC402665787}.Release|x64.Deploy.0 = Release|x64
		{258D29D3-E0F2-4502-89CB-3BC402665787}.Release|x86.ActiveCfg = Release|x86
		{258D29D3-E0F2-4502-89CB-3BC402665787}.Release|x86.Build.0 = Release|x86
		{258D29D3-E0F2-4502-89CB-3BC402665787}.Release|x86.Deploy.0 = Release|x86
		{ECCA07F5-99FE-4BE9-AA31-90EDB9C74225}.Debug|ARM.ActiveCfg = Debug|ARM
		{ECCA07F5-99FE-4BE9-AA31-90EDB9C74225}.Debug|ARM.Build.0 = Debug|ARM
		{ECCA07F5-99FE-4BE9-AA31-90EDB9C74225}.Debug|ARM.Deploy.0 = Debug|ARM
		{ECCA07F5-99FE-4BE9-AA31-90EDB9C74225}.Debug|ARM64.ActiveCfg = Debug|ARM64
		{ECCA07F5-99FE-4BE9-AA31-90EDB9C74225}.Debug|ARM64.Build.0 = Debug|ARM64
		{ECCA07F5-99FE-4BE9-AA31-90EDB9C74225}.Debug|ARM64.Deploy.0 = Debug|ARM64
		{ECCA07F5-99FE-4BE9-AA31-90EDB9C74225}.Debug|x64.ActiveCfg = Debug|x64
		{ECCA07F5-99FE-4BE9-AA31-90EDB9C74225}.Debug|x64.Build.0 = Debug|x64
		{ECCA07F5-99FE-4BE9-AA31-90EDB9C74225}.Debug|x64.Deploy.0 = Debug|x64
		{ECCA07F5-99FE-4BE9-AA31-90EDB9C74225}.Debug|x86.ActiveCfg = Debug|x86
		{ECCA07F5-99FE-4BE9-AA31-90EDB9C74225}.Debug|x86.Build.0 = Debug|x86
		{ECCA07F5-99FE-4BE9-AA31-90EDB9C74225}.Debug|x86.Deploy.0 = Debug|x86
		{ECCA07F5-99FE-4BE9-AA31-90EDB9C74225}.Release|ARM.ActiveCfg = Release|ARM
		{ECCA07F5-99FE-4BE9-AA31-90EDB9C74225}.Release|ARM.Build.0 = Release|ARM
		{ECCA07F5-99FE-4BE9-AA31-90EDB9C74225}.Release|ARM.Deploy.0 = Release|ARM
		{ECCA07F5-99FE-4BE9-AA31-90EDB9C74225}.Release|ARM64.ActiveCfg = Release|ARM64
		{ECCA07F5-99FE-4BE9-AA31-90EDB9C74225}.Release|ARM64.Build.0 = Release|ARM64
		{ECCA07F5-99FE-4BE9-AA31-90EDB9C74225}.Release|ARM64.Deploy.0 = Release|ARM64
		{ECCA07F5-99FE-4BE9-AA31-90EDB9C74225}.Release|x64.ActiveCfg = Release|x64
		{ECCA07F5-99FE-4BE9-AA31-90EDB9C74225}.Release|x64.Build.0 = Release|x64
		{ECCA07F5-99FE-4BE9-AA31-90EDB9C74225}.Release|x64.Deploy.0 = Release|x64
		{ECCA07F5-99FE-4BE9-AA31-90EDB9C74225}.Release|x86.ActiveCfg = Release|x86
		{ECCA07F5-99FE-4BE9-AA31-90EDB9C74225}.Release|x86.Build.0 = Release|x86
		{ECCA07F5-99FE-4BE9-AA31-90EDB9C74225}.Release|x86.Deploy.0 = Release|x86
		{C2ED58BB-B0F0-4991-ABB7-410094C544C4}.Debug|ARM.ActiveCfg = Debug|ARM
		{C2ED58BB-B0F0-4991-ABB7-410094C544C4}.Debug|ARM.Build.0 = Debug|ARM
		{C2ED58BB-B0F0-4991-ABB7-410094C544C4}.Debug|ARM.Deploy.0 = Debug|ARM
		{C2ED58BB-B0F0-4991-ABB7-410094C544C4}.Debug|ARM64.ActiveCfg = Debug|ARM64
		{C2ED58BB-B0F0-4991-ABB7-410094C544C4}.Debug|ARM64.Build.0 = Debug|ARM64
		{C2ED58BB-B0F0-4991-ABB7-410094C544C4}.Debug|ARM64.Deploy.0 = Debug|ARM64
		{C2ED58BB-B0F0-4991-ABB7-410094C544C4}.Debug|x64.ActiveCfg = Debug|x64
		{C2ED58BB-B0F0-4991-ABB7-410094C544C4}.Debug|x64.Build.0 = Debug|x64
		{C2ED58BB-B0F0-4991-ABB7-410094C544C4}.Debug|x64.Deploy.0 = Debug|x64
		{C2ED58BB-B0F0-4991-ABB7-410094C544C4}.Debug|x86.ActiveCfg = Debug|x86
		{C2ED58BB-B0F0-4991-ABB7-410094C544C4}.Debug|x86.Build.0 = Debug|x86
		{C2ED58BB-B0F0-4991-ABB7-410094C544C4}.Debug|x86.Deploy.0 = Debug|x86
		{C2ED58BB-B0F0-4991-ABB7-410094C544C4}.Release|ARM.ActiveCfg = Release|ARM
		{C2ED58BB-B0F0-4991-ABB7-410094C544C4}.Release|ARM.Build.0 = Release|ARM
		{C2ED58BB-B0F0-4991-ABB7-410094C544C4}.Release|ARM.Deploy.0 = Release|ARM
		{C2ED58BB-B0F0-4991-ABB7-410094C544C4}.Release|ARM64.ActiveCfg = Release|ARM64
		{C2ED58BB-B0F0-4991-ABB7-410094C544C4}.Release|ARM64.Build.0 = Release|ARM64
		{C2ED58BB-B0F0-4991-ABB7-410094C544C4}.Release|ARM64.Deploy.0 = Release|ARM64
		{C2ED58BB-B0F0-4991-ABB7-410094C544C4}.Release|x64.ActiveCfg = Release|x64
		{C2ED58BB-B0F0-4991-ABB7-410094C544C4}.Release|x64.Build.0 = Release|x64
		{C2ED58BB-B0F0-4991-ABB7-410094C544C4}.Release|x64.Deploy.0 = Release|x64
		{C2ED58BB-B0F0-4991-ABB7-410094C544C4}.Release|x86.ActiveCfg = Release|x86
		{C2ED58BB-B0F0-4991-ABB7-410094C544C4}.Release|x86.Build.0 = Release|x86
		{C2ED58BB-B0F0-4991-ABB7-410094C544C4}.Release|x86.Deploy.0 = Release|x86
		{EAA60CCE-CD14-453C-A4FD-88152E37DA29}.Debug|ARM.ActiveCfg = Debug|ARM
		{EAA60CCE-CD14-453C-A4FD-88152E37DA29}.Debug|ARM.Build.0 = Debug|ARM
		{EAA60CCE-CD14-453C-A4FD-88152E37DA29}.Debug|ARM.Deploy.0 = Debug|ARM
		{EAA60CCE-CD14-453C-A4FD-88152E37DA29}.Debug|ARM64.ActiveCfg = Debug|ARM64
		{EAA60CCE-CD14-453C-A4FD-88152E37DA29}.Debug|ARM64.Build.0 = Debug|ARM64
		{EAA60CCE-CD14-453C-A4FD-88152E37DA29}.Debug|ARM64.Deploy.0 = Debug|ARM64
		{EAA60CCE-CD14-453C-A4FD-88152E37DA29}.Debug|x64.ActiveCfg = Debug|x64
		{EAA60CCE-CD14-453C-A4FD-88152E37DA29}.Debug|x64.Build.0 = Debug|x64
		{EAA60CCE-CD14-453C-A4FD-88152E37DA29}.Debug|x64.Deploy.0 = Debug|x64
		{EAA60CCE-CD14-453C-A4FD-88152E37DA29}.Debug|x86.ActiveCfg = Debug|x86
		{EAA60CCE-CD14-453C-A4FD-88152E37DA29}.Debug|x86.Build.0 = Debug|x86
		{EAA60CCE-CD14-453C-A4FD-88152E37DA29}.Debug|x86.Deploy.0 = Debug|x86
		{EAA60CCE-CD14-453C-A4FD-88152E37DA29}.Release|ARM.ActiveCfg = Release|ARM
		{EAA60CCE-CD14-453C-A4FD-88152E37DA29}.Release|ARM.Build.0 = Release|ARM
		{EAA60CCE-CD14-453C-A4FD-88152E37DA29}.Release|ARM.Deploy.0 = Release|ARM
		{EAA60CCE-CD14-453C-A4FD-88152E37DA29}.Release|ARM64.ActiveCfg = Release|ARM64
		{EAA60CCE-CD14-453C-A4FD-88152E37DA29}.Release|ARM64.Build.0 = Release|ARM64
		{EAA60CCE-CD14-453C-A4FD-88152E37DA29}.Release|ARM64.Deploy.0 = Release|ARM64
		{EAA60CCE-CD14-453C-A4FD-88152E37DA29}.Release|x64.ActiveCfg = Release|x64
		{EAA60CCE-CD14-453C-A4FD-88152E37DA29}.Release|x64.Build.0 = Release|x64
		{EAA60CCE-CD14-453C-A4FD-88152E37DA29}.Release|x64.Deploy.0 = Release|x64
		{EAA60CCE-CD14-453C-A4FD-88152E37DA29}.Release|x86.ActiveCfg = Release|x86
		{EAA60CCE-CD14-453C-A4FD-88152E37DA29}.Release|x86.Build.0 = Release|x86
		{EAA60CCE-CD14-453C-A4FD-88152E37DA29}.Release|x86.Deploy.0 = Release|x86
		{3B44CB2C-63EA-4F32-B64C-30C1B2664184}.Debug|ARM.ActiveCfg = Debug|ARM
		{3B44CB2C-63EA-4F32-B64C-30C1B2664184}.Debug|ARM.Build.0 = Debug|ARM
		{3B44CB2C-63EA-4F32-B64C-30C1B2664184}.Debug|ARM.Deploy.0 = Debug|ARM
		{3B44CB2C-63EA-4F32-B64C-30C1B2664184}.Debug|ARM64.ActiveCfg = Debug|ARM64
		{3B44CB2C-63EA-4F32-B64C-30C1B2664184}.Debug|ARM64.Build.0 = Debug|ARM64
		{3B44CB2C-63EA-4F32-B64C-30C1B2664184}.Debug|ARM64.Deploy.0 = Debug|ARM64
		{3B44CB2C-63EA-4F32-B64C-30C1B2664184}.Debug|x64.ActiveCfg = Debug|x64
		{3B44CB2C-63EA-4F32-B64C-30C1B2664184}.Debug|x64.Build.0 = Debug|x64
		{3B44CB2C-63EA-4F32-B64C-30C1B2664184}.Debug|x64.Deploy.0 = Debug|x64
		{3B44CB2C-63EA-4F32-B64C-30C1B2664184}.Debug|x86.ActiveCfg = Debug|x86
		{3B44CB2C-63EA-4F32-B64C-30C1B2664184}.Debug|x86.Build.0 = Debug|x86
		{3B44CB2C-63EA-4F32-B64C-30C1B2664184}.Debug|x86.Deploy.0 = Debug|x86
		{3B44CB2C-63EA-4F32-B64C-30C1B2664184}.Release|ARM.ActiveCfg = Release|ARM
		{3B44CB2C-63EA-4F32-B64C-30C1B2664184}.Release|ARM.Build.0 = Release|ARM
		{3B44CB2C-63EA-4F32-B64C-30C1B2664184}.Release|ARM.Deploy.0 = Release|ARM
		{3B44CB2C-63EA-4F32-B64C-30C1B2664184}.Release|ARM64.ActiveCfg = Release|ARM64
		{3B44CB2C-63EA-4F32-B64C-30C1B2664184}.Release|ARM64.Build.0 = Release|ARM64
		{3B44CB2C-63EA-4F32-B64C-30C1B2664184}.Release|ARM64.Deploy.0 = Release|ARM64
		{3B44CB2C-63EA-4F32-B64C-30C1B2664184}.Release|x64.ActiveCfg = Release|x64
		{3B44CB2C-63EA-4F32-B64C-30C1B2664184}.Release|x64.Build.0 = Release|x64
		{3B44CB2C-63EA-4F32-B64C-30C1B2664184}.Release|x64.Deploy.0 = Release|x64
		{3B44CB2C-63EA-4F32-B64C-30C1B2664184}.Release|x86.ActiveCfg = Release|x86
		{3B44CB2C-63EA-4F32-B64C-30C1B2664184}.Release|x86.Build.0 = Release|x86
		{3B44CB2C-63EA-4F32-B64C-30C1B2664184}.Release|x86.Deploy.0 = Release|x86
		{93DE3245-9012-454B-B7DA-9760CDB6BB05}.Debug|ARM.ActiveCfg = Debug|ARM
		{93DE3245-9012-454B-B7DA-9760CDB6BB05}.Debug|ARM.Build.0 = Debug|ARM
		{93DE3245-9012-454B-B7DA-9760CDB6BB05}.Debug|ARM.Deploy.0 = Debug|ARM
		{93DE3245-9012-454B-B7DA-9760CDB6BB05}.Debug|ARM64.ActiveCfg = Debug|ARM64
		{93DE3245-9012-454B-B7DA-9760CDB6BB05}.Debug|ARM64.Build.0 = Debug|ARM64
		{93DE3245-9012-454B-B7DA-9760CDB6BB05}.Debug|ARM64.Deploy.0 = Debug|ARM64
		{93DE3245-9012-454B-B7DA-9760CDB6BB05}.Debug|x64.ActiveCfg = Debug|x64
		{93DE3245-9012-454B-B7DA-9760CDB6BB05}.Debug|x64.Build.0 = Debug|x64
		{93DE3245-9012-454B-B7DA-9760CDB6BB05}.Debug|x64.Deploy.0 = Debug|x64
		{93DE3245-9012-454B-B7DA-9760CDB6BB05}.Debug|x86.ActiveCfg = Debug|x86
		{93DE3245-9012-454B-B7DA-9760CDB6BB05}.Debug|x86.Build.0 = Debug|x86
		{93DE3245-9012-454B-B7DA-9760CDB6BB05}.Debug|x86.Deploy.0 = Debug|x86
		{93DE3245-9012-454B-B7DA-9760CDB6BB05}.Release|ARM.ActiveCfg = Release|ARM
		{93DE3245-9012-454B-B7DA-9760CDB6BB05}.Release|ARM.Build.0 = Release|ARM
		{93DE3245-9012-454B-B7DA-9760CDB6BB05}.Release|ARM.Deploy.0 = Release|ARM
		{93DE3245-9012-454B-B7DA-9760CDB6BB05}.Release|ARM64.ActiveCfg = Release|ARM64
		{93DE3245-9012-454B-B7DA-9760CDB6BB05}.Release|ARM64.Build.0 = Release|ARM64
		{93DE3245-9012-454B-B7DA-9760CDB6BB05}.Release|ARM64.Deploy.0 = Release|ARM64
		{93DE3245-9012-454B-B7DA-9760CDB6BB05}.Release|x64.ActiveCfg = Release|x64
		{93DE3245-9012-454B-B7DA-9760CDB6BB05}.Release|x64.Build.0 = Release|x64
		{93DE3245-9012-454B-B7DA-9760CDB6BB05}.Release|x64.Deploy.0 = Release|x64
		{93DE3245-9012-454B-B7DA-9760CDB6BB05}.Release|x86.ActiveCfg = Release|x86
		{93DE3245-9012-454B-B7DA-9760CDB6BB05}.Release|x86.Build.0 = Release|x86
		{93DE3245-9012-454B-B7DA-9760CDB6BB05}.Release|x86.Deploy.0 = Release|x86
	EndGlobalSection
	GlobalSection(SolutionProperties) = preSolution
		HideSolutionNode = FALSE
	EndGlobalSection
	GlobalSection(ExtensibilityGlobals) = postSolution
		SolutionGuid = {74E5754B-5020-4FD3-9893-5797C6EC11E5}
	EndGlobalSection
	GlobalSection(SharedMSBuildProjectFiles) = preSolution
		CreativeRobotix\CreativeRobotix.vcxitems*{258d29d3-e0f2-4502-89cb-3bc402665787}*SharedItemsImports = 4
		CreativeRobotix\CreativeRobotix.vcxitems*{30edb28d-04e0-47e3-8ac4-3832cd97ed6d}*SharedItemsImports = 4
		CreativeRobotix\CreativeRobotix.vcxitems*{3b44cb2c-63ea-4f32-b64c-30c1b2664184}*SharedItemsImports = 4
		CreativeRobotix\CreativeRobotix.vcxitems*{3dba28f5-960c-4091-ae7e-b6dc7fcb597c}*SharedItemsImports = 4
		CreativeRobotix\CreativeRobotix.vcxitems*{4c61d9ca-f088-41ab-829f-be0ca4bbf9a8}*SharedItemsImports = 4
		CreativeRobotix\CreativeRobotix.vcxitems*{93de3245-9012-454b-b7da-9760cdb6bb05}*SharedItemsImports = 4
		CreativeRobotix\CreativeRobotix.vcxitems*{b83b795c-c6f9-4f3e-9b9e-4a760e372420}*SharedItemsImports = 9
		CreativeRobotix\CreativeRobotix.vcxitems*{c2ed58bb-b0f0-4991-abb7-410094c544c4}*SharedItemsImports = 4
		CreativeRobotix\CreativeRobotix.vcxitems*{eaa60cce-cd14-453c-a4fd-88152e37da29}*SharedItemsImports = 4
		CreativeRobotix\CreativeRobotix.vcxitems*{ecca07f5-99fe-4be9-aa31-90edb9c74225}*SharedItemsImports = 4
	EndGlobalSection
EndGlobal
